
Microsoft Visual Studio Solution File, Format Version 12.00
# Visual Studio Version 17
VisualStudioVersion = 17.3.32922.545
MinimumVisualStudioVersion = 10.0.40219.1
Project("{FAE04EC0-301F-11D3-BF4B-00C04F79EFBC}") = "DelegateAndEvent", "DelegateAndEvent\DelegateAndEvent.csproj", "{AD9F3CA0-09CC-4C86-884C-50095A9719E2}"
EndProject
Global
	GlobalSection(SolutionConfigurationPlatforms) = preSolution
		Debug|Any CPU = Debug|Any CPU
		Release|Any CPU = Release|Any CPU
	EndGlobalSection
	GlobalSection(ProjectConfigurationPlatforms) = postSolution
		{AD9F3CA0-09CC-4C86-884C-50095A9719E2}.Debug|Any CPU.ActiveCfg = Debug|Any CPU
		{AD9F3CA0-09CC-4C86-884C-50095A9719E2}.Debug|Any CPU.Build.0 = Debug|Any CPU
		{AD9F3CA0-09CC-4C86-884C-50095A9719E2}.Release|Any CPU.ActiveCfg = Release|Any CPU
		{AD9F3CA0-09CC-4C86-884C-50095A9719E2}.Release|Any CPU.Build.0 = Release|Any CPU
	EndGlobalSection
	GlobalSection(SolutionProperties) = preSolution
		HideSolutionNode = FALSE
	EndGlobalSection
	GlobalSection(ExtensibilityGlobals) = postSolution
		SolutionGuid = {546191B6-BF9D-4B43-8EED-10E0ADE421F9}
	EndGlobalSection
EndGlobal
